
Microsoft Visual Studio Solution File, Format Version 12.00
# Visual Studio 14
VisualStudioVersion = 14.0.23107.0
MinimumVisualStudioVersion = 10.0.40219.1
Project("{FAE04EC0-301F-11D3-BF4B-00C04F79EFBC}") = "WeatherApp", "WindowsFormsApplication1\WeatherApp.csproj", "{BF9DDA45-65AC-4373-B0BC-54904C39DF52}"
EndProject
Project("{FAE04EC0-301F-11D3-BF4B-00C04F79EFBC}") = "DataCommunication", "DataCommunication\DataCommunication.csproj", "{A307BB5F-86E9-45A9-8B6C-1B762FE7461E}"
EndProject
Project("{FAE04EC0-301F-11D3-BF4B-00C04F79EFBC}") = "BusinessLogic", "BusinessLogic\BusinessLogic.csproj", "{44380FB4-1978-438A-BF30-0D62574D0A9F}"
EndProject
Project("{FAE04EC0-301F-11D3-BF4B-00C04F79EFBC}") = "ConsoleApplication1", "ConsoleApplication1\ConsoleApplication1.csproj", "{03E76F30-E71E-46C9-8728-18F2F37DC75A}"
EndProject
Project("{FAE04EC0-301F-11D3-BF4B-00C04F79EFBC}") = "WeatherModel", "WeatherModel\WeatherModel.csproj", "{8231DFC0-6F1D-4A2D-93A5-E77F1B105EC8}"
EndProject
Global
	GlobalSection(SolutionConfigurationPlatforms) = preSolution
		Debug|Any CPU = Debug|Any CPU
		Release|Any CPU = Release|Any CPU
	EndGlobalSection
	GlobalSection(ProjectConfigurationPlatforms) = postSolution
		{BF9DDA45-65AC-4373-B0BC-54904C39DF52}.Debug|Any CPU.ActiveCfg = Debug|Any CPU
		{BF9DDA45-65AC-4373-B0BC-54904C39DF52}.Debug|Any CPU.Build.0 = Debug|Any CPU
		{BF9DDA45-65AC-4373-B0BC-54904C39DF52}.Release|Any CPU.ActiveCfg = Release|Any CPU
		{BF9DDA45-65AC-4373-B0BC-54904C39DF52}.Release|Any CPU.Build.0 = Release|Any CPU
		{A307BB5F-86E9-45A9-8B6C-1B762FE7461E}.Debug|Any CPU.ActiveCfg = Debug|Any CPU
		{A307BB5F-86E9-45A9-8B6C-1B762FE7461E}.Debug|Any CPU.Build.0 = Debug|Any CPU
		{A307BB5F-86E9-45A9-8B6C-1B762FE7461E}.Release|Any CPU.ActiveCfg = Release|Any CPU
		{A307BB5F-86E9-45A9-8B6C-1B762FE7461E}.Release|Any CPU.Build.0 = Release|Any CPU
		{44380FB4-1978-438A-BF30-0D62574D0A9F}.Debug|Any CPU.ActiveCfg = Debug|Any CPU
		{44380FB4-1978-438A-BF30-0D62574D0A9F}.Debug|Any CPU.Build.0 = Debug|Any CPU
		{44380FB4-1978-438A-BF30-0D62574D0A9F}.Release|Any CPU.ActiveCfg = Release|Any CPU
		{44380FB4-1978-438A-BF30-0D62574D0A9F}.Release|Any CPU.Build.0 = Release|Any CPU
		{03E76F30-E71E-46C9-8728-18F2F37DC75A}.Debug|Any CPU.ActiveCfg = Debug|Any CPU
		{03E76F30-E71E-46C9-8728-18F2F37DC75A}.Debug|Any CPU.Build.0 = Debug|Any CPU
		{03E76F30-E71E-46C9-8728-18F2F37DC75A}.Release|Any CPU.ActiveCfg = Release|Any CPU
		{03E76F30-E71E-46C9-8728-18F2F37DC75A}.Release|Any CPU.Build.0 = Release|Any CPU
		{8231DFC0-6F1D-4A2D-93A5-E77F1B105EC8}.Debug|Any CPU.ActiveCfg = Debug|Any CPU
		{8231DFC0-6F1D-4A2D-93A5-E77F1B105EC8}.Debug|Any CPU.Build.0 = Debug|Any CPU
		{8231DFC0-6F1D-4A2D-93A5-E77F1B105EC8}.Release|Any CPU.ActiveCfg = Release|Any CPU
		{8231DFC0-6F1D-4A2D-93A5-E77F1B105EC8}.Release|Any CPU.Build.0 = Release|Any CPU
	EndGlobalSection
	GlobalSection(SolutionProperties) = preSolution
		HideSolutionNode = FALSE
	EndGlobalSection
EndGlobal
